// !$*UTF8*$!
{
	archiveVersion = 1;
	classes = {
	};
	objectVersion = 50;
	objects = {

/* Begin PBXBuildFile section */
		8A5A4A5582411483E3EB60CC /* Pods_Atmo.framework in Frameworks */ = {isa = PBXBuildFile; fileRef = 14F7B6BCFED50A866798F71E /* Pods_Atmo.framework */; };
		9C27372721A1A2ED00FBCA5C /* Assets.xcassets in Resources */ = {isa = PBXBuildFile; fileRef = 9C27372621A1A2ED00FBCA5C /* Assets.xcassets */; };
		9C27372E21A1A80D00FBCA5C /* Constains.swift in Sources */ = {isa = PBXBuildFile; fileRef = 9C27372D21A1A80D00FBCA5C /* Constains.swift */; };
		9C27373021A1A8F000FBCA5C /* Weather.swift in Sources */ = {isa = PBXBuildFile; fileRef = 9C27372F21A1A8F000FBCA5C /* Weather.swift */; };
		9C3467F621B57C6600296C24 /* WidgetService.swift in Sources */ = {isa = PBXBuildFile; fileRef = 9C3467F521B57C6600296C24 /* WidgetService.swift */; };
		9C3467F821B5814700296C24 /* Alamofire.framework in Frameworks */ = {isa = PBXBuildFile; fileRef = 9C3467F721B5814700296C24 /* Alamofire.framework */; };
		9C3467FA21B5815000296C24 /* SwiftyJSON.framework in Frameworks */ = {isa = PBXBuildFile; fileRef = 9C3467F921B5815000296C24 /* SwiftyJSON.framework */; };
		9C3467FB21B5818600296C24 /* Pods_Atmo.framework in Frameworks */ = {isa = PBXBuildFile; fileRef = 14F7B6BCFED50A866798F71E /* Pods_Atmo.framework */; };
		9C3467FC21B592DF00296C24 /* Assets.xcassets in Resources */ = {isa = PBXBuildFile; fileRef = 9C27372621A1A2ED00FBCA5C /* Assets.xcassets */; };
		9C34680421B6E7A400296C24 /* AtmoTests.swift in Sources */ = {isa = PBXBuildFile; fileRef = 9C34680321B6E7A400296C24 /* AtmoTests.swift */; };
		9C737E5121C50C2B009717BC /* SearchTextField.framework in Frameworks */ = {isa = PBXBuildFile; fileRef = 9C737E5021C50C2B009717BC /* SearchTextField.framework */; };
		9C8F6F2021A29C38007469B7 /* City.swift in Sources */ = {isa = PBXBuildFile; fileRef = 9C8F6F1F21A29C38007469B7 /* City.swift */; };
		9C8F6F2221A2AA56007469B7 /* Extensions.swift in Sources */ = {isa = PBXBuildFile; fileRef = 9C8F6F2121A2AA56007469B7 /* Extensions.swift */; };
		9C8F6F2421A2F470007469B7 /* forecastViewCell.swift in Sources */ = {isa = PBXBuildFile; fileRef = 9C8F6F2321A2F470007469B7 /* forecastViewCell.swift */; };
		9C9E776F21B3DEB60042659B /* NotificationCenter.framework in Frameworks */ = {isa = PBXBuildFile; fileRef = 9C9E776E21B3DEB60042659B /* NotificationCenter.framework */; };
		9C9E777221B3DEB60042659B /* TodayViewController.swift in Sources */ = {isa = PBXBuildFile; fileRef = 9C9E777121B3DEB60042659B /* TodayViewController.swift */; };
		9C9E777521B3DEB60042659B /* MainInterface.storyboard in Resources */ = {isa = PBXBuildFile; fileRef = 9C9E777321B3DEB60042659B /* MainInterface.storyboard */; };
		9C9E777921B3DEB60042659B /* WeatherExtension.appex in Embed App Extensions */ = {isa = PBXBuildFile; fileRef = 9C9E776D21B3DEB50042659B /* WeatherExtension.appex */; settings = {ATTRIBUTES = (RemoveHeadersOnCopy, ); }; };
		9CCE2B2C218CB66300ADC679 /* AppDelegate.swift in Sources */ = {isa = PBXBuildFile; fileRef = 9CCE2B2B218CB66300ADC679 /* AppDelegate.swift */; };
		9CCE2B2E218CB66300ADC679 /* ViewController.swift in Sources */ = {isa = PBXBuildFile; fileRef = 9CCE2B2D218CB66300ADC679 /* ViewController.swift */; };
		9CCE2B31218CB66300ADC679 /* Main.storyboard in Resources */ = {isa = PBXBuildFile; fileRef = 9CCE2B2F218CB66300ADC679 /* Main.storyboard */; };
		9CCE2B36218CB66600ADC679 /* LaunchScreen.storyboard in Resources */ = {isa = PBXBuildFile; fileRef = 9CCE2B34218CB66600ADC679 /* LaunchScreen.storyboard */; };
		9CCFCF0121AAEB9A008728DD /* Cities.xcdatamodeld in Sources */ = {isa = PBXBuildFile; fileRef = 9CCFCEFF21AAEB9A008728DD /* Cities.xcdatamodeld */; };
		9CCFCF0321AB28F2008728DD /* Service.swift in Sources */ = {isa = PBXBuildFile; fileRef = 9CCFCF0221AB28F2008728DD /* Service.swift */; };
		9CE89C3C21C5131F00B76F05 /* cities.json in Resources */ = {isa = PBXBuildFile; fileRef = 9CE89C3B21C5131F00B76F05 /* cities.json */; };
		9CFC2A6621A9AC210022C275 /* CitiesListTableViewController.swift in Sources */ = {isa = PBXBuildFile; fileRef = 9CFC2A6521A9AC210022C275 /* CitiesListTableViewController.swift */; };
		9CFC2A6821A9B1E20022C275 /* CitiesListTableCell.swift in Sources */ = {isa = PBXBuildFile; fileRef = 9CFC2A6721A9B1E20022C275 /* CitiesListTableCell.swift */; };
		9CFC2A6F21A9D60F0022C275 /* AddCityViewController.swift in Sources */ = {isa = PBXBuildFile; fileRef = 9CFC2A6E21A9D60F0022C275 /* AddCityViewController.swift */; };
		A6ED4D98A1F4F604BB4486E2 /* Pods_WeatherExtension.framework in Frameworks */ = {isa = PBXBuildFile; fileRef = 40FECC32D519C3C32B55FD8C /* Pods_WeatherExtension.framework */; };
/* End PBXBuildFile section */

/* Begin PBXContainerItemProxy section */
		9C34680621B6E7A400296C24 /* PBXContainerItemProxy */ = {
			isa = PBXContainerItemProxy;
			containerPortal = 9CCE2B20218CB66300ADC679 /* Project object */;
			proxyType = 1;
			remoteGlobalIDString = 9CCE2B27218CB66300ADC679;
			remoteInfo = Atmo;
		};
		9C9E777721B3DEB60042659B /* PBXContainerItemProxy */ = {
			isa = PBXContainerItemProxy;
			containerPortal = 9CCE2B20218CB66300ADC679 /* Project object */;
			proxyType = 1;
			remoteGlobalIDString = 9C9E776C21B3DEB50042659B;
			remoteInfo = WeatherExtension;
		};
/* End PBXContainerItemProxy section */

/* Begin PBXCopyFilesBuildPhase section */
		9C9E777D21B3DEB60042659B /* Embed App Extensions */ = {
			isa = PBXCopyFilesBuildPhase;
			buildActionMask = 2147483647;
			dstPath = "";
			dstSubfolderSpec = 13;
			files = (
				9C9E777921B3DEB60042659B /* WeatherExtension.appex in Embed App Extensions */,
			);
			name = "Embed App Extensions";
			runOnlyForDeploymentPostprocessing = 0;
		};
/* End PBXCopyFilesBuildPhase section */

/* Begin PBXFileReference section */
		1161EC675DC9AEDBBBC0B9FA /* Pods-Atmo.debug.xcconfig */ = {isa = PBXFileReference; includeInIndex = 1; lastKnownFileType = text.xcconfig; name = "Pods-Atmo.debug.xcconfig"; path = "Pods/Target Support Files/Pods-Atmo/Pods-Atmo.debug.xcconfig"; sourceTree = "<group>"; };
		14F7B6BCFED50A866798F71E /* Pods_Atmo.framework */ = {isa = PBXFileReference; explicitFileType = wrapper.framework; includeInIndex = 0; path = Pods_Atmo.framework; sourceTree = BUILT_PRODUCTS_DIR; };
		1AFA688DD89B67525766E56C /* Pods-WeatherExtension.release.xcconfig */ = {isa = PBXFileReference; includeInIndex = 1; lastKnownFileType = text.xcconfig; name = "Pods-WeatherExtension.release.xcconfig"; path = "Pods/Target Support Files/Pods-WeatherExtension/Pods-WeatherExtension.release.xcconfig"; sourceTree = "<group>"; };
		40FECC32D519C3C32B55FD8C /* Pods_WeatherExtension.framework */ = {isa = PBXFileReference; explicitFileType = wrapper.framework; includeInIndex = 0; path = Pods_WeatherExtension.framework; sourceTree = BUILT_PRODUCTS_DIR; };
		9C27372621A1A2ED00FBCA5C /* Assets.xcassets */ = {isa = PBXFileReference; lastKnownFileType = folder.assetcatalog; path = Assets.xcassets; sourceTree = "<group>"; };
		9C27372D21A1A80D00FBCA5C /* Constains.swift */ = {isa = PBXFileReference; lastKnownFileType = sourcecode.swift; path = Constains.swift; sourceTree = "<group>"; };
		9C27372F21A1A8F000FBCA5C /* Weather.swift */ = {isa = PBXFileReference; lastKnownFileType = sourcecode.swift; path = Weather.swift; sourceTree = "<group>"; };
		9C3467F521B57C6600296C24 /* WidgetService.swift */ = {isa = PBXFileReference; lastKnownFileType = sourcecode.swift; path = WidgetService.swift; sourceTree = "<group>"; };
		9C3467F721B5814700296C24 /* Alamofire.framework */ = {isa = PBXFileReference; explicitFileType = wrapper.framework; path = Alamofire.framework; sourceTree = BUILT_PRODUCTS_DIR; };
		9C3467F921B5815000296C24 /* SwiftyJSON.framework */ = {isa = PBXFileReference; explicitFileType = wrapper.framework; path = SwiftyJSON.framework; sourceTree = BUILT_PRODUCTS_DIR; };
		9C34680121B6E7A400296C24 /* AtmoTests.xctest */ = {isa = PBXFileReference; explicitFileType = wrapper.cfbundle; includeInIndex = 0; path = AtmoTests.xctest; sourceTree = BUILT_PRODUCTS_DIR; };
		9C34680321B6E7A400296C24 /* AtmoTests.swift */ = {isa = PBXFileReference; lastKnownFileType = sourcecode.swift; path = AtmoTests.swift; sourceTree = "<group>"; };
		9C34680521B6E7A400296C24 /* Info.plist */ = {isa = PBXFileReference; lastKnownFileType = text.plist.xml; path = Info.plist; sourceTree = "<group>"; };
		9C737E5021C50C2B009717BC /* SearchTextField.framework */ = {isa = PBXFileReference; explicitFileType = wrapper.framework; path = SearchTextField.framework; sourceTree = BUILT_PRODUCTS_DIR; };
		9C8F6F1F21A29C38007469B7 /* City.swift */ = {isa = PBXFileReference; lastKnownFileType = sourcecode.swift; path = City.swift; sourceTree = "<group>"; };
		9C8F6F2121A2AA56007469B7 /* Extensions.swift */ = {isa = PBXFileReference; lastKnownFileType = sourcecode.swift; path = Extensions.swift; sourceTree = "<group>"; };
		9C8F6F2321A2F470007469B7 /* forecastViewCell.swift */ = {isa = PBXFileReference; lastKnownFileType = sourcecode.swift; name = forecastViewCell.swift; path = Atmo/View/forecastViewCell.swift; sourceTree = SOURCE_ROOT; };
		9C9E776D21B3DEB50042659B /* WeatherExtension.appex */ = {isa = PBXFileReference; explicitFileType = "wrapper.app-extension"; includeInIndex = 0; path = WeatherExtension.appex; sourceTree = BUILT_PRODUCTS_DIR; };
		9C9E776E21B3DEB60042659B /* NotificationCenter.framework */ = {isa = PBXFileReference; lastKnownFileType = wrapper.framework; name = NotificationCenter.framework; path = System/Library/Frameworks/NotificationCenter.framework; sourceTree = SDKROOT; };
		9C9E777121B3DEB60042659B /* TodayViewController.swift */ = {isa = PBXFileReference; lastKnownFileType = sourcecode.swift; path = TodayViewController.swift; sourceTree = "<group>"; };
		9C9E777421B3DEB60042659B /* Base */ = {isa = PBXFileReference; lastKnownFileType = file.storyboard; name = Base; path = Base.lproj/MainInterface.storyboard; sourceTree = "<group>"; };
		9C9E777621B3DEB60042659B /* Info.plist */ = {isa = PBXFileReference; lastKnownFileType = text.plist.xml; path = Info.plist; sourceTree = "<group>"; };
		9CCE2B28218CB66300ADC679 /* Atmo.app */ = {isa = PBXFileReference; explicitFileType = wrapper.application; includeInIndex = 0; path = Atmo.app; sourceTree = BUILT_PRODUCTS_DIR; };
		9CCE2B2B218CB66300ADC679 /* AppDelegate.swift */ = {isa = PBXFileReference; lastKnownFileType = sourcecode.swift; path = AppDelegate.swift; sourceTree = "<group>"; };
		9CCE2B2D218CB66300ADC679 /* ViewController.swift */ = {isa = PBXFileReference; lastKnownFileType = sourcecode.swift; path = ViewController.swift; sourceTree = "<group>"; };
		9CCE2B30218CB66300ADC679 /* Base */ = {isa = PBXFileReference; lastKnownFileType = file.storyboard; name = Base; path = Base.lproj/Main.storyboard; sourceTree = "<group>"; };
		9CCE2B35218CB66600ADC679 /* Base */ = {isa = PBXFileReference; lastKnownFileType = file.storyboard; name = Base; path = Base.lproj/LaunchScreen.storyboard; sourceTree = "<group>"; };
		9CCE2B37218CB66600ADC679 /* Info.plist */ = {isa = PBXFileReference; lastKnownFileType = text.plist.xml; path = Info.plist; sourceTree = "<group>"; };
		9CCFCF0021AAEB9A008728DD /* Cities.xcdatamodel */ = {isa = PBXFileReference; lastKnownFileType = wrapper.xcdatamodel; path = Cities.xcdatamodel; sourceTree = "<group>"; };
		9CCFCF0221AB28F2008728DD /* Service.swift */ = {isa = PBXFileReference; lastKnownFileType = sourcecode.swift; path = Service.swift; sourceTree = "<group>"; };
		9CE89C3B21C5131F00B76F05 /* cities.json */ = {isa = PBXFileReference; fileEncoding = 4; lastKnownFileType = text.json; path = cities.json; sourceTree = "<group>"; };
		9CE89C3D21C5772100B76F05 /* ru */ = {isa = PBXFileReference; lastKnownFileType = text.plist.strings; name = ru; path = ru.lproj/Main.strings; sourceTree = "<group>"; };
		9CE89C3E21C5772200B76F05 /* ru */ = {isa = PBXFileReference; lastKnownFileType = text.plist.strings; name = ru; path = ru.lproj/LaunchScreen.strings; sourceTree = "<group>"; };
		9CE89C3F21C5772200B76F05 /* ru */ = {isa = PBXFileReference; lastKnownFileType = text.plist.strings; name = ru; path = ru.lproj/MainInterface.strings; sourceTree = "<group>"; };
		9CFC2A6521A9AC210022C275 /* CitiesListTableViewController.swift */ = {isa = PBXFileReference; lastKnownFileType = sourcecode.swift; path = CitiesListTableViewController.swift; sourceTree = "<group>"; };
		9CFC2A6721A9B1E20022C275 /* CitiesListTableCell.swift */ = {isa = PBXFileReference; lastKnownFileType = sourcecode.swift; name = CitiesListTableCell.swift; path = Atmo/View/CitiesListTableCell.swift; sourceTree = SOURCE_ROOT; };
		9CFC2A6E21A9D60F0022C275 /* AddCityViewController.swift */ = {isa = PBXFileReference; lastKnownFileType = sourcecode.swift; path = AddCityViewController.swift; sourceTree = "<group>"; };
		DE2504E72BEE42045D34CF0B /* Pods-Atmo.release.xcconfig */ = {isa = PBXFileReference; includeInIndex = 1; lastKnownFileType = text.xcconfig; name = "Pods-Atmo.release.xcconfig"; path = "Pods/Target Support Files/Pods-Atmo/Pods-Atmo.release.xcconfig"; sourceTree = "<group>"; };
		DE92B2EF9F7F4FF31187E25D /* Pods-WeatherExtension.debug.xcconfig */ = {isa = PBXFileReference; includeInIndex = 1; lastKnownFileType = text.xcconfig; name = "Pods-WeatherExtension.debug.xcconfig"; path = "Pods/Target Support Files/Pods-WeatherExtension/Pods-WeatherExtension.debug.xcconfig"; sourceTree = "<group>"; };
/* End PBXFileReference section */

/* Begin PBXFrameworksBuildPhase section */
		9C3467FE21B6E7A400296C24 /* Frameworks */ = {
			isa = PBXFrameworksBuildPhase;
			buildActionMask = 2147483647;
			files = (
			);
			runOnlyForDeploymentPostprocessing = 0;
		};
		9C9E776A21B3DEB50042659B /* Frameworks */ = {
			isa = PBXFrameworksBuildPhase;
			buildActionMask = 2147483647;
			files = (
				9C3467FB21B5818600296C24 /* Pods_Atmo.framework in Frameworks */,
				9C3467FA21B5815000296C24 /* SwiftyJSON.framework in Frameworks */,
				9C3467F821B5814700296C24 /* Alamofire.framework in Frameworks */,
				9C9E776F21B3DEB60042659B /* NotificationCenter.framework in Frameworks */,
				A6ED4D98A1F4F604BB4486E2 /* Pods_WeatherExtension.framework in Frameworks */,
			);
			runOnlyForDeploymentPostprocessing = 0;
		};
		9CCE2B25218CB66300ADC679 /* Frameworks */ = {
			isa = PBXFrameworksBuildPhase;
			buildActionMask = 2147483647;
			files = (
				9C737E5121C50C2B009717BC /* SearchTextField.framework in Frameworks */,
				8A5A4A5582411483E3EB60CC /* Pods_Atmo.framework in Frameworks */,
			);
			runOnlyForDeploymentPostprocessing = 0;
		};
/* End PBXFrameworksBuildPhase section */

/* Begin PBXGroup section */
		1DA35BA29ECE1BCCD0017D96 /* Frameworks */ = {
			isa = PBXGroup;
			children = (
				9C737E5021C50C2B009717BC /* SearchTextField.framework */,
				9C3467F921B5815000296C24 /* SwiftyJSON.framework */,
				9C3467F721B5814700296C24 /* Alamofire.framework */,
				14F7B6BCFED50A866798F71E /* Pods_Atmo.framework */,
				9C9E776E21B3DEB60042659B /* NotificationCenter.framework */,
				40FECC32D519C3C32B55FD8C /* Pods_WeatherExtension.framework */,
			);
			name = Frameworks;
			sourceTree = "<group>";
		};
		697C06E98E8D748AD4B29C62 /* Pods */ = {
			isa = PBXGroup;
			children = (
				1161EC675DC9AEDBBBC0B9FA /* Pods-Atmo.debug.xcconfig */,
				DE2504E72BEE42045D34CF0B /* Pods-Atmo.release.xcconfig */,
				DE92B2EF9F7F4FF31187E25D /* Pods-WeatherExtension.debug.xcconfig */,
				1AFA688DD89B67525766E56C /* Pods-WeatherExtension.release.xcconfig */,
			);
			name = Pods;
			sourceTree = "<group>";
		};
		9C27372821A1A4A800FBCA5C /* Model */ = {
			isa = PBXGroup;
			children = (
				9C27372D21A1A80D00FBCA5C /* Constains.swift */,
				9CCFCEFF21AAEB9A008728DD /* Cities.xcdatamodeld */,
				9C8F6F1F21A29C38007469B7 /* City.swift */,
				9C27372F21A1A8F000FBCA5C /* Weather.swift */,
				9CCFCF0221AB28F2008728DD /* Service.swift */,
			);
			path = Model;
			sourceTree = "<group>";
		};
		9C27372921A1A4AD00FBCA5C /* View */ = {
			isa = PBXGroup;
			children = (
				9CCE2B2F218CB66300ADC679 /* Main.storyboard */,
				9C8F6F2321A2F470007469B7 /* forecastViewCell.swift */,
				9CFC2A6721A9B1E20022C275 /* CitiesListTableCell.swift */,
			);
			path = View;
			sourceTree = "<group>";
		};
		9C27372A21A1A4B700FBCA5C /* Controller */ = {
			isa = PBXGroup;
			children = (
				9CCE2B2D218CB66300ADC679 /* ViewController.swift */,
				9CFC2A6521A9AC210022C275 /* CitiesListTableViewController.swift */,
				9CFC2A6E21A9D60F0022C275 /* AddCityViewController.swift */,
			);
			path = Controller;
			sourceTree = "<group>";
		};
		9C34680221B6E7A400296C24 /* AtmoTests */ = {
			isa = PBXGroup;
			children = (
				9C34680321B6E7A400296C24 /* AtmoTests.swift */,
				9C34680521B6E7A400296C24 /* Info.plist */,
			);
			path = AtmoTests;
			sourceTree = "<group>";
		};
		9C9E777021B3DEB60042659B /* WeatherExtension */ = {
			isa = PBXGroup;
			children = (
				9C9E777121B3DEB60042659B /* TodayViewController.swift */,
				9C9E777321B3DEB60042659B /* MainInterface.storyboard */,
				9C3467F521B57C6600296C24 /* WidgetService.swift */,
				9C9E777621B3DEB60042659B /* Info.plist */,
			);
			path = WeatherExtension;
			sourceTree = "<group>";
		};
		9CCE2B1F218CB66300ADC679 = {
			isa = PBXGroup;
			children = (
				9CCE2B2A218CB66300ADC679 /* Atmo */,
				9C9E777021B3DEB60042659B /* WeatherExtension */,
				9C34680221B6E7A400296C24 /* AtmoTests */,
				9CCE2B29218CB66300ADC679 /* Products */,
				697C06E98E8D748AD4B29C62 /* Pods */,
				1DA35BA29ECE1BCCD0017D96 /* Frameworks */,
			);
			sourceTree = "<group>";
		};
		9CCE2B29218CB66300ADC679 /* Products */ = {
			isa = PBXGroup;
			children = (
				9CCE2B28218CB66300ADC679 /* Atmo.app */,
				9C9E776D21B3DEB50042659B /* WeatherExtension.appex */,
				9C34680121B6E7A400296C24 /* AtmoTests.xctest */,
			);
			name = Products;
			sourceTree = "<group>";
		};
		9CCE2B2A218CB66300ADC679 /* Atmo */ = {
			isa = PBXGroup;
			children = (
				9CCE2B2B218CB66300ADC679 /* AppDelegate.swift */,
				9CFC2A6D21A9D53F0022C275 /* Extensions */,
				9C27372821A1A4A800FBCA5C /* Model */,
				9C27372921A1A4AD00FBCA5C /* View */,
				9C27372A21A1A4B700FBCA5C /* Controller */,
				9C27372621A1A2ED00FBCA5C /* Assets.xcassets */,
				9CCE2B34218CB66600ADC679 /* LaunchScreen.storyboard */,
				9CCE2B37218CB66600ADC679 /* Info.plist */,
			);
			path = Atmo;
			sourceTree = "<group>";
		};
		9CFC2A6D21A9D53F0022C275 /* Extensions */ = {
			isa = PBXGroup;
			children = (
				9CE89C3B21C5131F00B76F05 /* cities.json */,
				9C8F6F2121A2AA56007469B7 /* Extensions.swift */,
			);
			path = Extensions;
			sourceTree = "<group>";
		};
/* End PBXGroup section */

/* Begin PBXNativeTarget section */
		9C34680021B6E7A400296C24 /* AtmoTests */ = {
			isa = PBXNativeTarget;
			buildConfigurationList = 9C34680A21B6E7A400296C24 /* Build configuration list for PBXNativeTarget "AtmoTests" */;
			buildPhases = (
				9C3467FD21B6E7A400296C24 /* Sources */,
				9C3467FE21B6E7A400296C24 /* Frameworks */,
				9C3467FF21B6E7A400296C24 /* Resources */,
			);
			buildRules = (
			);
			dependencies = (
				9C34680721B6E7A400296C24 /* PBXTargetDependency */,
			);
			name = AtmoTests;
			productName = AtmoTests;
			productReference = 9C34680121B6E7A400296C24 /* AtmoTests.xctest */;
			productType = "com.apple.product-type.bundle.unit-test";
		};
		9C9E776C21B3DEB50042659B /* WeatherExtension */ = {
			isa = PBXNativeTarget;
			buildConfigurationList = 9C9E777C21B3DEB60042659B /* Build configuration list for PBXNativeTarget "WeatherExtension" */;
			buildPhases = (
				476C84DE0D38ECC24CDE9630 /* [CP] Check Pods Manifest.lock */,
				9C9E776921B3DEB50042659B /* Sources */,
				9C9E776A21B3DEB50042659B /* Frameworks */,
				9C9E776B21B3DEB50042659B /* Resources */,
			);
			buildRules = (
			);
			dependencies = (
			);
			name = WeatherExtension;
			productName = WeatherExtension;
			productReference = 9C9E776D21B3DEB50042659B /* WeatherExtension.appex */;
			productType = "com.apple.product-type.app-extension";
		};
		9CCE2B27218CB66300ADC679 /* Atmo */ = {
			isa = PBXNativeTarget;
			buildConfigurationList = 9CCE2B3A218CB66600ADC679 /* Build configuration list for PBXNativeTarget "Atmo" */;
			buildPhases = (
				934F70904D87ECDF44523A8A /* [CP] Check Pods Manifest.lock */,
				9CCE2B24218CB66300ADC679 /* Sources */,
				9CCE2B25218CB66300ADC679 /* Frameworks */,
				9CCE2B26218CB66300ADC679 /* Resources */,
				C7AACF2CC7FDCDE6B9EB7C89 /* [CP] Embed Pods Frameworks */,
				9C9E777D21B3DEB60042659B /* Embed App Extensions */,
				784BAA80A7E4146064EFD62C /* [CP] Copy Pods Resources */,
			);
			buildRules = (
			);
			dependencies = (
				9C9E777821B3DEB60042659B /* PBXTargetDependency */,
			);
			name = Atmo;
			productName = Atmo;
			productReference = 9CCE2B28218CB66300ADC679 /* Atmo.app */;
			productType = "com.apple.product-type.application";
		};
/* End PBXNativeTarget section */

/* Begin PBXProject section */
		9CCE2B20218CB66300ADC679 /* Project object */ = {
			isa = PBXProject;
			attributes = {
				LastSwiftUpdateCheck = 1010;
				LastUpgradeCheck = 1000;
				ORGANIZATIONNAME = earine;
				TargetAttributes = {
					9C34680021B6E7A400296C24 = {
						CreatedOnToolsVersion = 10.1;
						TestTargetID = 9CCE2B27218CB66300ADC679;
					};
					9C9E776C21B3DEB50042659B = {
						CreatedOnToolsVersion = 10.1;
					};
					9CCE2B27218CB66300ADC679 = {
						CreatedOnToolsVersion = 10.0;
					};
				};
			};
			buildConfigurationList = 9CCE2B23218CB66300ADC679 /* Build configuration list for PBXProject "Atmo" */;
			compatibilityVersion = "Xcode 9.3";
			developmentRegion = en;
			hasScannedForEncodings = 0;
			knownRegions = (
				Base,
			);
			mainGroup = 9CCE2B1F218CB66300ADC679;
			productRefGroup = 9CCE2B29218CB66300ADC679 /* Products */;
			projectDirPath = "";
			projectRoot = "";
			targets = (
				9CCE2B27218CB66300ADC679 /* Atmo */,
				9C9E776C21B3DEB50042659B /* WeatherExtension */,
				9C34680021B6E7A400296C24 /* AtmoTests */,
			);
		};
/* End PBXProject section */

/* Begin PBXResourcesBuildPhase section */
		9C3467FF21B6E7A400296C24 /* Resources */ = {
			isa = PBXResourcesBuildPhase;
			buildActionMask = 2147483647;
			files = (
			);
			runOnlyForDeploymentPostprocessing = 0;
		};
		9C9E776B21B3DEB50042659B /* Resources */ = {
			isa = PBXResourcesBuildPhase;
			buildActionMask = 2147483647;
			files = (
				9C3467FC21B592DF00296C24 /* Assets.xcassets in Resources */,
				9C9E777521B3DEB60042659B /* MainInterface.storyboard in Resources */,
			);
			runOnlyForDeploymentPostprocessing = 0;
		};
		9CCE2B26218CB66300ADC679 /* Resources */ = {
			isa = PBXResourcesBuildPhase;
			buildActionMask = 2147483647;
			files = (
				9CE89C3C21C5131F00B76F05 /* cities.json in Resources */,
				9CCE2B36218CB66600ADC679 /* LaunchScreen.storyboard in Resources */,
				9C27372721A1A2ED00FBCA5C /* Assets.xcassets in Resources */,
				9CCE2B31218CB66300ADC679 /* Main.storyboard in Resources */,
			);
			runOnlyForDeploymentPostprocessing = 0;
		};
/* End PBXResourcesBuildPhase section */

/* Begin PBXShellScriptBuildPhase section */
		476C84DE0D38ECC24CDE9630 /* [CP] Check Pods Manifest.lock */ = {
			isa = PBXShellScriptBuildPhase;
			buildActionMask = 2147483647;
			files = (
			);
			inputPaths = (
				"${PODS_PODFILE_DIR_PATH}/Podfile.lock",
				"${PODS_ROOT}/Manifest.lock",
			);
			name = "[CP] Check Pods Manifest.lock";
			outputPaths = (
				"$(DERIVED_FILE_DIR)/Pods-WeatherExtension-checkManifestLockResult.txt",
			);
			runOnlyForDeploymentPostprocessing = 0;
			shellPath = /bin/sh;
			shellScript = "diff \"${PODS_PODFILE_DIR_PATH}/Podfile.lock\" \"${PODS_ROOT}/Manifest.lock\" > /dev/null\nif [ $? != 0 ] ; then\n    # print error to STDERR\n    echo \"error: The sandbox is not in sync with the Podfile.lock. Run 'pod install' or update your CocoaPods installation.\" >&2\n    exit 1\nfi\n# This output is used by Xcode 'outputs' to avoid re-running this script phase.\necho \"SUCCESS\" > \"${SCRIPT_OUTPUT_FILE_0}\"\n";
			showEnvVarsInLog = 0;
		};
		784BAA80A7E4146064EFD62C /* [CP] Copy Pods Resources */ = {
			isa = PBXShellScriptBuildPhase;
			buildActionMask = 2147483647;
			files = (
			);
			inputPaths = (
				"${SRCROOT}/Pods/Target Support Files/Pods-Atmo/Pods-Atmo-resources.sh",
				"${PODS_ROOT}/GooglePlaces/Frameworks/GooglePlaces.framework/Resources/GooglePlaces.bundle",
			);
			name = "[CP] Copy Pods Resources";
			outputPaths = (
				"${TARGET_BUILD_DIR}/${UNLOCALIZED_RESOURCES_FOLDER_PATH}/GooglePlaces.bundle",
			);
			runOnlyForDeploymentPostprocessing = 0;
			shellPath = /bin/sh;
			shellScript = "\"${SRCROOT}/Pods/Target Support Files/Pods-Atmo/Pods-Atmo-resources.sh\"\n";
			showEnvVarsInLog = 0;
		};
		934F70904D87ECDF44523A8A /* [CP] Check Pods Manifest.lock */ = {
			isa = PBXShellScriptBuildPhase;
			buildActionMask = 2147483647;
			files = (
			);
			inputPaths = (
				"${PODS_PODFILE_DIR_PATH}/Podfile.lock",
				"${PODS_ROOT}/Manifest.lock",
			);
			name = "[CP] Check Pods Manifest.lock";
			outputPaths = (
				"$(DERIVED_FILE_DIR)/Pods-Atmo-checkManifestLockResult.txt",
			);
			runOnlyForDeploymentPostprocessing = 0;
			shellPath = /bin/sh;
			shellScript = "diff \"${PODS_PODFILE_DIR_PATH}/Podfile.lock\" \"${PODS_ROOT}/Manifest.lock\" > /dev/null\nif [ $? != 0 ] ; then\n    # print error to STDERR\n    echo \"error: The sandbox is not in sync with the Podfile.lock. Run 'pod install' or update your CocoaPods installation.\" >&2\n    exit 1\nfi\n# This output is used by Xcode 'outputs' to avoid re-running this script phase.\necho \"SUCCESS\" > \"${SCRIPT_OUTPUT_FILE_0}\"\n";
			showEnvVarsInLog = 0;
		};
		C7AACF2CC7FDCDE6B9EB7C89 /* [CP] Embed Pods Frameworks */ = {
			isa = PBXShellScriptBuildPhase;
			buildActionMask = 2147483647;
			files = (
			);
			inputPaths = (
				"${SRCROOT}/Pods/Target Support Files/Pods-Atmo/Pods-Atmo-frameworks.sh",
				"${BUILT_PRODUCTS_DIR}/Alamofire/Alamofire.framework",
				"${BUILT_PRODUCTS_DIR}/LatLongToTimezone/LatLongToTimezone.framework",
				"${BUILT_PRODUCTS_DIR}/SearchTextField/SearchTextField.framework",
				"${BUILT_PRODUCTS_DIR}/SkyFloatingLabelTextField/SkyFloatingLabelTextField.framework",
				"${BUILT_PRODUCTS_DIR}/SwiftyJSON/SwiftyJSON.framework",
			);
			name = "[CP] Embed Pods Frameworks";
			outputPaths = (
				"${TARGET_BUILD_DIR}/${FRAMEWORKS_FOLDER_PATH}/Alamofire.framework",
				"${TARGET_BUILD_DIR}/${FRAMEWORKS_FOLDER_PATH}/LatLongToTimezone.framework",
				"${TARGET_BUILD_DIR}/${FRAMEWORKS_FOLDER_PATH}/SearchTextField.framework",
				"${TARGET_BUILD_DIR}/${FRAMEWORKS_FOLDER_PATH}/SkyFloatingLabelTextField.framework",
				"${TARGET_BUILD_DIR}/${FRAMEWORKS_FOLDER_PATH}/SwiftyJSON.framework",
			);
			runOnlyForDeploymentPostprocessing = 0;
			shellPath = /bin/sh;
			shellScript = "\"${SRCROOT}/Pods/Target Support Files/Pods-Atmo/Pods-Atmo-frameworks.sh\"\n";
			showEnvVarsInLog = 0;
		};
/* End PBXShellScriptBuildPhase section */

/* Begin PBXSourcesBuildPhase section */
		9C3467FD21B6E7A400296C24 /* Sources */ = {
			isa = PBXSourcesBuildPhase;
			buildActionMask = 2147483647;
			files = (
				9C34680421B6E7A400296C24 /* AtmoTests.swift in Sources */,
			);
			runOnlyForDeploymentPostprocessing = 0;
		};
		9C9E776921B3DEB50042659B /* Sources */ = {
			isa = PBXSourcesBuildPhase;
			buildActionMask = 2147483647;
			files = (
				9C9E777221B3DEB60042659B /* TodayViewController.swift in Sources */,
				9C3467F621B57C6600296C24 /* WidgetService.swift in Sources */,
			);
			runOnlyForDeploymentPostprocessing = 0;
		};
		9CCE2B24218CB66300ADC679 /* Sources */ = {
			isa = PBXSourcesBuildPhase;
			buildActionMask = 2147483647;
			files = (
				9CFC2A6F21A9D60F0022C275 /* AddCityViewController.swift in Sources */,
				9CFC2A6821A9B1E20022C275 /* CitiesListTableCell.swift in Sources */,
				9C27373021A1A8F000FBCA5C /* Weather.swift in Sources */,
				9C8F6F2421A2F470007469B7 /* forecastViewCell.swift in Sources */,
				9C8F6F2221A2AA56007469B7 /* Extensions.swift in Sources */,
				9CCFCF0321AB28F2008728DD /* Service.swift in Sources */,
				9C8F6F2021A29C38007469B7 /* City.swift in Sources */,
				9CCE2B2E218CB66300ADC679 /* ViewController.swift in Sources */,
				9CCE2B2C218CB66300ADC679 /* AppDelegate.swift in Sources */,
				9CFC2A6621A9AC210022C275 /* CitiesListTableViewController.swift in Sources */,
				9CCFCF0121AAEB9A008728DD /* Cities.xcdatamodeld in Sources */,
				9C27372E21A1A80D00FBCA5C /* Constains.swift in Sources */,
			);
			runOnlyForDeploymentPostprocessing = 0;
		};
/* End PBXSourcesBuildPhase section */

/* Begin PBXTargetDependency section */
		9C34680721B6E7A400296C24 /* PBXTargetDependency */ = {
			isa = PBXTargetDependency;
			target = 9CCE2B27218CB66300ADC679 /* Atmo */;
			targetProxy = 9C34680621B6E7A400296C24 /* PBXContainerItemProxy */;
		};
		9C9E777821B3DEB60042659B /* PBXTargetDependency */ = {
			isa = PBXTargetDependency;
			target = 9C9E776C21B3DEB50042659B /* WeatherExtension */;
			targetProxy = 9C9E777721B3DEB60042659B /* PBXContainerItemProxy */;
		};
/* End PBXTargetDependency section */

/* Begin PBXVariantGroup section */
		9C9E777321B3DEB60042659B /* MainInterface.storyboard */ = {
			isa = PBXVariantGroup;
			children = (
				9C9E777421B3DEB60042659B /* Base */,
				9CE89C3F21C5772200B76F05 /* ru */,
			);
			name = MainInterface.storyboard;
			sourceTree = "<group>";
		};
		9CCE2B2F218CB66300ADC679 /* Main.storyboard */ = {
			isa = PBXVariantGroup;
			children = (
				9CCE2B30218CB66300ADC679 /* Base */,
				9CE89C3D21C5772100B76F05 /* ru */,
			);
			name = Main.storyboard;
			sourceTree = "<group>";
		};
		9CCE2B34218CB66600ADC679 /* LaunchScreen.storyboard */ = {
			isa = PBXVariantGroup;
			children = (
				9CCE2B35218CB66600ADC679 /* Base */,
				9CE89C3E21C5772200B76F05 /* ru */,
			);
			name = LaunchScreen.storyboard;
			sourceTree = "<group>";
		};
/* End PBXVariantGroup section */

/* Begin XCBuildConfiguration section */
		9C34680821B6E7A400296C24 /* Debug */ = {
			isa = XCBuildConfiguration;
			buildSettings = {
				BUNDLE_LOADER = "$(TEST_HOST)";
				CODE_SIGN_STYLE = Automatic;
				DEVELOPMENT_TEAM = 7BV7G443SR;
				INFOPLIST_FILE = AtmoTests/Info.plist;
				IPHONEOS_DEPLOYMENT_TARGET = 12.0;
				LD_RUNPATH_SEARCH_PATHS = (
					"$(inherited)",
					"@executable_path/Frameworks",
					"@loader_path/Frameworks",
				);
				PRODUCT_BUNDLE_IDENTIFIER = com.earine.AtmoTests;
				PRODUCT_NAME = "$(TARGET_NAME)";
				SWIFT_VERSION = 4.2;
				TARGETED_DEVICE_FAMILY = "1,2";
				TEST_HOST = "$(BUILT_PRODUCTS_DIR)/Atmo.app/Atmo";
			};
			name = Debug;
		};
		9C34680921B6E7A400296C24 /* Release */ = {
			isa = XCBuildConfiguration;
			buildSettings = {
				BUNDLE_LOADER = "$(TEST_HOST)";
				CODE_SIGN_STYLE = Automatic;
				DEVELOPMENT_TEAM = 7BV7G443SR;
				INFOPLIST_FILE = AtmoTests/Info.plist;
				IPHONEOS_DEPLOYMENT_TARGET = 12.0;
				LD_RUNPATH_SEARCH_PATHS = (
					"$(inherited)",
					"@executable_path/Frameworks",
					"@loader_path/Frameworks",
				);
				PRODUCT_BUNDLE_IDENTIFIER = com.earine.AtmoTests;
				PRODUCT_NAME = "$(TARGET_NAME)";
				SWIFT_VERSION = 4.2;
				TARGETED_DEVICE_FAMILY = "1,2";
				TEST_HOST = "$(BUILT_PRODUCTS_DIR)/Atmo.app/Atmo";
			};
			name = Release;
		};
		9C9E777A21B3DEB60042659B /* Debug */ = {
			isa = XCBuildConfiguration;
			baseConfigurationReference = DE92B2EF9F7F4FF31187E25D /* Pods-WeatherExtension.debug.xcconfig */;
			buildSettings = {
				CODE_SIGN_IDENTITY = "iPhone Developer";
				CODE_SIGN_STYLE = Automatic;
				DEVELOPMENT_TEAM = 7BV7G443SR;
				INFOPLIST_FILE = WeatherExtension/Info.plist;
				IPHONEOS_DEPLOYMENT_TARGET = 12.1;
				LD_RUNPATH_SEARCH_PATHS = (
					"$(inherited)",
					"@executable_path/Frameworks",
					"@executable_path/../../Frameworks",
				);
				PRODUCT_BUNDLE_IDENTIFIER = com.earine.Atmo.WeatherExtension;
				PRODUCT_NAME = "$(TARGET_NAME)";
				SKIP_INSTALL = YES;
				SWIFT_VERSION = 4.2;
				TARGETED_DEVICE_FAMILY = "1,2";
			};
			name = Debug;
		};
		9C9E777B21B3DEB60042659B /* Release */ = {
			isa = XCBuildConfiguration;
			baseConfigurationReference = 1AFA688DD89B67525766E56C /* Pods-WeatherExtension.release.xcconfig */;
			buildSettings = {
				CODE_SIGN_IDENTITY = "iPhone Developer";
				CODE_SIGN_STYLE = Automatic;
				DEVELOPMENT_TEAM = 7BV7G443SR;
				INFOPLIST_FILE = WeatherExtension/Info.plist;
				IPHONEOS_DEPLOYMENT_TARGET = 12.1;
				LD_RUNPATH_SEARCH_PATHS = (
					"$(inherited)",
					"@executable_path/Frameworks",
					"@executable_path/../../Frameworks",
				);
				PRODUCT_BUNDLE_IDENTIFIER = com.earine.Atmo.WeatherExtension;
				PRODUCT_NAME = "$(TARGET_NAME)";
				SKIP_INSTALL = YES;
				SWIFT_VERSION = 4.2;
				TARGETED_DEVICE_FAMILY = "1,2";
			};
			name = Release;
		};
		9CCE2B38218CB66600ADC679 /* Debug */ = {
			isa = XCBuildConfiguration;
			buildSettings = {
				ALWAYS_SEARCH_USER_PATHS = NO;
				CLANG_ANALYZER_LOCALIZABILITY_NONLOCALIZED = YES;
				CLANG_ANALYZER_NONNULL = YES;
				CLANG_ANALYZER_NUMBER_OBJECT_CONVERSION = YES_AGGRESSIVE;
				CLANG_CXX_LANGUAGE_STANDARD = "gnu++14";
				CLANG_CXX_LIBRARY = "libc++";
				CLANG_ENABLE_MODULES = YES;
				CLANG_ENABLE_OBJC_ARC = YES;
				CLANG_ENABLE_OBJC_WEAK = YES;
				CLANG_WARN_BLOCK_CAPTURE_AUTORELEASING = YES;
				CLANG_WARN_BOOL_CONVERSION = YES;
				CLANG_WARN_COMMA = YES;
				CLANG_WARN_CONSTANT_CONVERSION = YES;
				CLANG_WARN_DEPRECATED_OBJC_IMPLEMENTATIONS = YES;
				CLANG_WARN_DIRECT_OBJC_ISA_USAGE = YES_ERROR;
				CLANG_WARN_DOCUMENTATION_COMMENTS = YES;
				CLANG_WARN_EMPTY_BODY = YES;
				CLANG_WARN_ENUM_CONVERSION = YES;
				CLANG_WARN_INFINITE_RECURSION = YES;
				CLANG_WARN_INT_CONVERSION = YES;
				CLANG_WARN_NON_LITERAL_NULL_CONVERSION = YES;
				CLANG_WARN_OBJC_IMPLICIT_RETAIN_SELF = YES;
				CLANG_WARN_OBJC_LITERAL_CONVERSION = YES;
				CLANG_WARN_OBJC_ROOT_CLASS = YES_ERROR;
				CLANG_WARN_RANGE_LOOP_ANALYSIS = YES;
				CLANG_WARN_STRICT_PROTOTYPES = YES;
				CLANG_WARN_SUSPICIOUS_MOVE = YES;
				CLANG_WARN_UNGUARDED_AVAILABILITY = YES_AGGRESSIVE;
				CLANG_WARN_UNREACHABLE_CODE = YES;
				CLANG_WARN__DUPLICATE_METHOD_MATCH = YES;
				CODE_SIGN_IDENTITY = "iPhone Developer";
				COPY_PHASE_STRIP = NO;
				DEBUG_INFORMATION_FORMAT = dwarf;
				ENABLE_STRICT_OBJC_MSGSEND = YES;
				ENABLE_TESTABILITY = YES;
				GCC_C_LANGUAGE_STANDARD = gnu11;
				GCC_DYNAMIC_NO_PIC = NO;
				GCC_NO_COMMON_BLOCKS = YES;
				GCC_OPTIMIZATION_LEVEL = 0;
				GCC_PREPROCESSOR_DEFINITIONS = (
					"DEBUG=1",
					"$(inherited)",
				);
				GCC_WARN_64_TO_32_BIT_CONVERSION = YES;
				GCC_WARN_ABOUT_RETURN_TYPE = YES_ERROR;
				GCC_WARN_UNDECLARED_SELECTOR = YES;
				GCC_WARN_UNINITIALIZED_AUTOS = YES_AGGRESSIVE;
				GCC_WARN_UNUSED_FUNCTION = YES;
				GCC_WARN_UNUSED_VARIABLE = YES;
				IPHONEOS_DEPLOYMENT_TARGET = 12.0;
				MTL_ENABLE_DEBUG_INFO = INCLUDE_SOURCE;
				MTL_FAST_MATH = YES;
				ONLY_ACTIVE_ARCH = YES;
				SDKROOT = iphoneos;
				SWIFT_ACTIVE_COMPILATION_CONDITIONS = DEBUG;
				SWIFT_OPTIMIZATION_LEVEL = "-Onone";
			};
			name = Debug;
		};
		9CCE2B39218CB66600ADC679 /* Release */ = {
			isa = XCBuildConfiguration;
			buildSettings = {
				ALWAYS_SEARCH_USER_PATHS = NO;
				CLANG_ANALYZER_LOCALIZABILITY_NONLOCALIZED = YES;
				CLANG_ANALYZER_NONNULL = YES;
				CLANG_ANALYZER_NUMBER_OBJECT_CONVERSION = YES_AGGRESSIVE;
				CLANG_CXX_LANGUAGE_STANDARD = "gnu++14";
				CLANG_CXX_LIBRARY = "libc++";
				CLANG_ENABLE_MODULES = YES;
				CLANG_ENABLE_OBJC_ARC = YES;
				CLANG_ENABLE_OBJC_WEAK = YES;
				CLANG_WARN_BLOCK_CAPTURE_AUTORELEASING = YES;
				CLANG_WARN_BOOL_CONVERSION = YES;
				CLANG_WARN_COMMA = YES;
				CLANG_WARN_CONSTANT_CONVERSION = YES;
				CLANG_WARN_DEPRECATED_OBJC_IMPLEMENTATIONS = YES;
				CLANG_WARN_DIRECT_OBJC_ISA_USAGE = YES_ERROR;
				CLANG_WARN_DOCUMENTATION_COMMENTS = YES;
				CLANG_WARN_EMPTY_BODY = YES;
				CLANG_WARN_ENUM_CONVERSION = YES;
				CLANG_WARN_INFINITE_RECURSION = YES;
				CLANG_WARN_INT_CONVERSION = YES;
				CLANG_WARN_NON_LITERAL_NULL_CONVERSION = YES;
				CLANG_WARN_OBJC_IMPLICIT_RETAIN_SELF = YES;
				CLANG_WARN_OBJC_LITERAL_CONVERSION = YES;
				CLANG_WARN_OBJC_ROOT_CLASS = YES_ERROR;
				CLANG_WARN_RANGE_LOOP_ANALYSIS = YES;
				CLANG_WARN_STRICT_PROTOTYPES = YES;
				CLANG_WARN_SUSPICIOUS_MOVE = YES;
				CLANG_WARN_UNGUARDED_AVAILABILITY = YES_AGGRESSIVE;
				CLANG_WARN_UNREACHABLE_CODE = YES;
				CLANG_WARN__DUPLICATE_METHOD_MATCH = YES;
				CODE_SIGN_IDENTITY = "iPhone Developer";
				COPY_PHASE_STRIP = NO;
				DEBUG_INFORMATION_FORMAT = "dwarf-with-dsym";
				ENABLE_NS_ASSERTIONS = NO;
				ENABLE_STRICT_OBJC_MSGSEND = YES;
				GCC_C_LANGUAGE_STANDARD = gnu11;
				GCC_NO_COMMON_BLOCKS = YES;
				GCC_WARN_64_TO_32_BIT_CONVERSION = YES;
				GCC_WARN_ABOUT_RETURN_TYPE = YES_ERROR;
				GCC_WARN_UNDECLARED_SELECTOR = YES;
				GCC_WARN_UNINITIALIZED_AUTOS = YES_AGGRESSIVE;
				GCC_WARN_UNUSED_FUNCTION = YES;
				GCC_WARN_UNUSED_VARIABLE = YES;
				IPHONEOS_DEPLOYMENT_TARGET = 12.0;
				MTL_ENABLE_DEBUG_INFO = NO;
				MTL_FAST_MATH = YES;
				SDKROOT = iphoneos;
				SWIFT_COMPILATION_MODE = wholemodule;
				SWIFT_OPTIMIZATION_LEVEL = "-O";
				VALIDATE_PRODUCT = YES;
			};
			name = Release;
		};
		9CCE2B3B218CB66600ADC679 /* Debug */ = {
			isa = XCBuildConfiguration;
			baseConfigurationReference = 1161EC675DC9AEDBBBC0B9FA /* Pods-Atmo.debug.xcconfig */;
			buildSettings = {
				ALWAYS_EMBED_SWIFT_STANDARD_LIBRARIES = YES;
				ASSETCATALOG_COMPILER_APPICON_NAME = AppIcon;
				CODE_SIGN_IDENTITY = "iPhone Developer";
				CODE_SIGN_STYLE = Automatic;
				DEFINES_MODULE = YES;
				DEVELOPMENT_TEAM = 7BV7G443SR;
				INFOPLIST_FILE = Atmo/Info.plist;
				LD_RUNPATH_SEARCH_PATHS = (
					"$(inherited)",
					"@executable_path/Frameworks",
				);
				PRODUCT_BUNDLE_IDENTIFIER = com.earine.Atmo;
				PRODUCT_NAME = "$(TARGET_NAME)";
				PROVISIONING_PROFILE_SPECIFIER = "";
				SWIFT_VERSION = 4.2;
				TARGETED_DEVICE_FAMILY = "1,2";
			};
			name = Debug;
		};
		9CCE2B3C218CB66600ADC679 /* Release */ = {
			isa = XCBuildConfiguration;
			baseConfigurationReference = DE2504E72BEE42045D34CF0B /* Pods-Atmo.release.xcconfig */;
			buildSettings = {
				ALWAYS_EMBED_SWIFT_STANDARD_LIBRARIES = YES;
				ASSETCATALOG_COMPILER_APPICON_NAME = AppIcon;
				CODE_SIGN_IDENTITY = "iPhone Developer";
				CODE_SIGN_STYLE = Automatic;
				DEFINES_MODULE = YES;
				DEVELOPMENT_TEAM = 7BV7G443SR;
				INFOPLIST_FILE = Atmo/Info.plist;
				LD_RUNPATH_SEARCH_PATHS = (
					"$(inherited)",
					"@executable_path/Frameworks",
				);
				PRODUCT_BUNDLE_IDENTIFIER = com.earine.Atmo;
				PRODUCT_NAME = "$(TARGET_NAME)";
				PROVISIONING_PROFILE_SPECIFIER = "";
				SWIFT_VERSION = 4.2;
				TARGETED_DEVICE_FAMILY = "1,2";
			};
			name = Release;
		};
/* End XCBuildConfiguration section */

/* Begin XCConfigurationList section */
		9C34680A21B6E7A400296C24 /* Build configuration list for PBXNativeTarget "AtmoTests" */ = {
			isa = XCConfigurationList;
			buildConfigurations = (
				9C34680821B6E7A400296C24 /* Debug */,
				9C34680921B6E7A400296C24 /* Release */,
			);
			defaultConfigurationIsVisible = 0;
			defaultConfigurationName = Release;
		};
		9C9E777C21B3DEB60042659B /* Build configuration list for PBXNativeTarget "WeatherExtension" */ = {
			isa = XCConfigurationList;
			buildConfigurations = (
				9C9E777A21B3DEB60042659B /* Debug */,
				9C9E777B21B3DEB60042659B /* Release */,
			);
			defaultConfigurationIsVisible = 0;
			defaultConfigurationName = Release;
		};
		9CCE2B23218CB66300ADC679 /* Build configuration list for PBXProject "Atmo" */ = {
			isa = XCConfigurationList;
			buildConfigurations = (
				9CCE2B38218CB66600ADC679 /* Debug */,
				9CCE2B39218CB66600ADC679 /* Release */,
			);
			defaultConfigurationIsVisible = 0;
			defaultConfigurationName = Release;
		};
		9CCE2B3A218CB66600ADC679 /* Build configuration list for PBXNativeTarget "Atmo" */ = {
			isa = XCConfigurationList;
			buildConfigurations = (
				9CCE2B3B218CB66600ADC679 /* Debug */,
				9CCE2B3C218CB66600ADC679 /* Release */,
			);
			defaultConfigurationIsVisible = 0;
			defaultConfigurationName = Release;
		};
/* End XCConfigurationList section */

/* Begin XCVersionGroup section */
		9CCFCEFF21AAEB9A008728DD /* Cities.xcdatamodeld */ = {
			isa = XCVersionGroup;
			children = (
				9CCFCF0021AAEB9A008728DD /* Cities.xcdatamodel */,
			);
			currentVersion = 9CCFCF0021AAEB9A008728DD /* Cities.xcdatamodel */;
			path = Cities.xcdatamodeld;
			sourceTree = "<group>";
			versionGroupType = wrapper.xcdatamodel;
		};
/* End XCVersionGroup section */
	};
	rootObject = 9CCE2B20218CB66300ADC679 /* Project object */;
}
